{
  "name": "miniapp",
  "version": "1.0.0",
  "lockfileVersion": 1,
  "requires": true,
  "dependencies": {
    "@vant/weapp": {
      "version": "1.10.2",
      "resolved": "https://registry.npmjs.org/@vant/weapp/-/weapp-1.10.2.tgz",
      "integrity": "sha512-caqA0xQxM4lMRncFsRPPVMDdEzUBCJ4xdFXuKReXpEU3qwnVIP/WIjVDIi7mWyS7xqz8C9WfSW5JL4PrlSq31w=="
    },
    "wux-weapp": {
      "version": "3.8.8",
      "resolved": "https://registry.npmjs.org/wux-weapp/-/wux-weapp-3.8.8.tgz",
      "integrity": "sha512-11wgCSBQ6VM4kJnG7HI7QmSW++S1QTn8JBCkam3Ua9WIx/UcIMSLpIjkQ97oD5HsfjK34Mdy7sFjp+fHBSn0PA=="
    }
  }
}
